
Microsoft Visual Studio Solution File, Format Version 12.00
# Visual Studio Version 17
VisualStudioVersion = 17.9.34723.18
MinimumVisualStudioVersion = 10.0.40219.1
Project("{FAE04EC0-301F-11D3-BF4B-00C04F79EFBC}") = "pryTPLab3Aguirre", "pryTPLab3Aguirre\pryTPLab3Aguirre.csproj", "{5425C90F-F93A-4E8D-A5B2-83D49118A787}"
EndProject
Global
	GlobalSection(SolutionConfigurationPlatforms) = preSolution
		Debug|Any CPU = Debug|Any CPU
		Release|Any CPU = Release|Any CPU
	EndGlobalSection
	GlobalSection(ProjectConfigurationPlatforms) = postSolution
		{5425C90F-F93A-4E8D-A5B2-83D49118A787}.Debug|Any CPU.ActiveCfg = Debug|Any CPU
		{5425C90F-F93A-4E8D-A5B2-83D49118A787}.Debug|Any CPU.Build.0 = Debug|Any CPU
		{5425C90F-F93A-4E8D-A5B2-83D49118A787}.Release|Any CPU.ActiveCfg = Release|Any CPU
		{5425C90F-F93A-4E8D-A5B2-83D49118A787}.Release|Any CPU.Build.0 = Release|Any CPU
	EndGlobalSection
	GlobalSection(SolutionProperties) = preSolution
		HideSolutionNode = FALSE
	EndGlobalSection
	GlobalSection(ExtensibilityGlobals) = postSolution
		SolutionGuid = {FF92AFB5-6836-488D-B213-50149DA0052A}
	EndGlobalSection
EndGlobal
